
Microsoft Visual Studio Solution File, Format Version 12.00
# Visual Studio Version 17
VisualStudioVersion = 17.5.33516.290
MinimumVisualStudioVersion = 10.0.40219.1
Project("{FAE04EC0-301F-11D3-BF4B-00C04F79EFBC}") = "Währungsumrechner", "Währungsumrechner\Währungsumrechner.csproj", "{A1D130B2-FC04-4097-96DB-B27E842ABFFA}"
EndProject
Global
	GlobalSection(SolutionConfigurationPlatforms) = preSolution
		Debug|Any CPU = Debug|Any CPU
		Release|Any CPU = Release|Any CPU
	EndGlobalSection
	GlobalSection(ProjectConfigurationPlatforms) = postSolution
		{A1D130B2-FC04-4097-96DB-B27E842ABFFA}.Debug|Any CPU.ActiveCfg = Debug|Any CPU
		{A1D130B2-FC04-4097-96DB-B27E842ABFFA}.Debug|Any CPU.Build.0 = Debug|Any CPU
		{A1D130B2-FC04-4097-96DB-B27E842ABFFA}.Release|Any CPU.ActiveCfg = Release|Any CPU
		{A1D130B2-FC04-4097-96DB-B27E842ABFFA}.Release|Any CPU.Build.0 = Release|Any CPU
	EndGlobalSection
	GlobalSection(SolutionProperties) = preSolution
		HideSolutionNode = FALSE
	EndGlobalSection
	GlobalSection(ExtensibilityGlobals) = postSolution
		SolutionGuid = {047F5505-58DB-4F23-9CFA-40DD700541FD}
	EndGlobalSection
EndGlobal
